{
    "_meta": {
        "hash": {
            "sha256": "a2e7082769b6126c18811c2588a6ef29741f277419efb8ef752f713e4e3f1a3a"
        },
        "pipfile-spec": 6,
        "requires": {
            "python_version": "3.8"
        },
        "sources": [
            {
                "name": "pypi",
                "url": "https://pypi.python.org/simple",
                "verify_ssl": true
            }
        ]
    },
    "default": {
        "unidiff": {
            "hashes": [
                "sha256:33152364004b455e11afd67e2d2d6bb8f2c20b28a289b443f2c7b84be18c24cb",
                "sha256:d5f2e53a9a00db3224a8c36349b5380e0e22d1aec6c694b14fb9483ee93c6205"
            ],
            "index": "pypi",
            "version": "==0.7.3"
        }
    },
    "develop": {}
}
